
Microsoft Visual Studio Solution File, Format Version 12.00
# Visual Studio 15
VisualStudioVersion = 15.0.28307.1433
MinimumVisualStudioVersion = 10.0.40219.1
Project("{FAE04EC0-301F-11D3-BF4B-00C04F79EFBC}") = "MensajeroApp", "MensajeroApp\MensajeroApp.csproj", "{20E05D86-DCA2-4B1C-8B5B-2DA10D41A02B}"
EndProject
Project("{FAE04EC0-301F-11D3-BF4B-00C04F79EFBC}") = "MensajeroModel", "MensajeroModel\MensajeroModel.csproj", "{E98F04E1-BB2A-4CE2-8924-B5A3DF252A09}"
EndProject
Global
	GlobalSection(SolutionConfigurationPlatforms) = preSolution
		Debug|Any CPU = Debug|Any CPU
		Release|Any CPU = Release|Any CPU
	EndGlobalSection
	GlobalSection(ProjectConfigurationPlatforms) = postSolution
		{20E05D86-DCA2-4B1C-8B5B-2DA10D41A02B}.Debug|Any CPU.ActiveCfg = Debug|Any CPU
		{20E05D86-DCA2-4B1C-8B5B-2DA10D41A02B}.Debug|Any CPU.Build.0 = Debug|Any CPU
		{20E05D86-DCA2-4B1C-8B5B-2DA10D41A02B}.Release|Any CPU.ActiveCfg = Release|Any CPU
		{20E05D86-DCA2-4B1C-8B5B-2DA10D41A02B}.Release|Any CPU.Build.0 = Release|Any CPU
		{E98F04E1-BB2A-4CE2-8924-B5A3DF252A09}.Debug|Any CPU.ActiveCfg = Debug|Any CPU
		{E98F04E1-BB2A-4CE2-8924-B5A3DF252A09}.Debug|Any CPU.Build.0 = Debug|Any CPU
		{E98F04E1-BB2A-4CE2-8924-B5A3DF252A09}.Release|Any CPU.ActiveCfg = Release|Any CPU
		{E98F04E1-BB2A-4CE2-8924-B5A3DF252A09}.Release|Any CPU.Build.0 = Release|Any CPU
	EndGlobalSection
	GlobalSection(SolutionProperties) = preSolution
		HideSolutionNode = FALSE
	EndGlobalSection
	GlobalSection(ExtensibilityGlobals) = postSolution
		SolutionGuid = {296336BD-FCDF-4E07-B28E-8B627679F9EE}
	EndGlobalSection
EndGlobal
